
Microsoft Visual Studio Solution File, Format Version 12.00
# Visual Studio Version 16
VisualStudioVersion = 16.0.31702.278
MinimumVisualStudioVersion = 10.0.40219.1
Project("{FAE04EC0-301F-11D3-BF4B-00C04F79EFBC}") = "Lab8App1", "Lab8App1\Lab8App1.csproj", "{ECFEA842-DE60-4BD9-811A-6C972C6CDB1E}"
EndProject
Project("{FAE04EC0-301F-11D3-BF4B-00C04F79EFBC}") = "Lab8App2", "Lab8App2\Lab8App2.csproj", "{29096CE3-F878-4200-A193-E6F456AAF4F7}"
EndProject
Project("{FAE04EC0-301F-11D3-BF4B-00C04F79EFBC}") = "Lab8App3", "Lab8App3\Lab8App3.csproj", "{4FB04E28-630E-4686-9F00-D002059CEC04}"
EndProject
Global
	GlobalSection(SolutionConfigurationPlatforms) = preSolution
		Debug|Any CPU = Debug|Any CPU
		Release|Any CPU = Release|Any CPU
	EndGlobalSection
	GlobalSection(ProjectConfigurationPlatforms) = postSolution
		{ECFEA842-DE60-4BD9-811A-6C972C6CDB1E}.Debug|Any CPU.ActiveCfg = Debug|Any CPU
		{ECFEA842-DE60-4BD9-811A-6C972C6CDB1E}.Debug|Any CPU.Build.0 = Debug|Any CPU
		{ECFEA842-DE60-4BD9-811A-6C972C6CDB1E}.Release|Any CPU.ActiveCfg = Release|Any CPU
		{ECFEA842-DE60-4BD9-811A-6C972C6CDB1E}.Release|Any CPU.Build.0 = Release|Any CPU
		{29096CE3-F878-4200-A193-E6F456AAF4F7}.Debug|Any CPU.ActiveCfg = Debug|Any CPU
		{29096CE3-F878-4200-A193-E6F456AAF4F7}.Debug|Any CPU.Build.0 = Debug|Any CPU
		{29096CE3-F878-4200-A193-E6F456AAF4F7}.Release|Any CPU.ActiveCfg = Release|Any CPU
		{29096CE3-F878-4200-A193-E6F456AAF4F7}.Release|Any CPU.Build.0 = Release|Any CPU
		{4FB04E28-630E-4686-9F00-D002059CEC04}.Debug|Any CPU.ActiveCfg = Debug|Any CPU
		{4FB04E28-630E-4686-9F00-D002059CEC04}.Debug|Any CPU.Build.0 = Debug|Any CPU
		{4FB04E28-630E-4686-9F00-D002059CEC04}.Release|Any CPU.ActiveCfg = Release|Any CPU
		{4FB04E28-630E-4686-9F00-D002059CEC04}.Release|Any CPU.Build.0 = Release|Any CPU
	EndGlobalSection
	GlobalSection(SolutionProperties) = preSolution
		HideSolutionNode = FALSE
	EndGlobalSection
	GlobalSection(ExtensibilityGlobals) = postSolution
		SolutionGuid = {F4A13979-9D51-4CCF-BDAF-BAE889A15F0C}
	EndGlobalSection
EndGlobal
